<?xml version="1.0" encoding="utf-8"?>
<Project ToolsVersion="4.0" xmlns="http://schemas.microsoft.com/developer/msbuild/2003">
  <ItemGroup>
    <ClCompile Include="main.cpp" />
    <ClCompile Include="..\..\..\int64.c" />
    <ClCompile Include="..\..\..\uint64.c" />
  </ItemGroup>
  <ItemGroup>
    <ClInclude Include="xxbuf.h" />
    <ClInclude Include="xxnbsocket.h" />
    <ClInclude Include="lua_xxnbsocket.h" />
    <ClInclude Include="lua_xxbbuffer.h" />
    <ClInclude Include="lua_xx.h" />
  </ItemGroup>
</Project>