
Microsoft Visual Studio Solution File, Format Version 12.00
# Visual Studio 15
VisualStudioVersion = 15.0.27130.2003
MinimumVisualStudioVersion = 10.0.40219.1
Project("{8BC9CEB8-8B4A-11D0-8D11-00A0C91BC942}") = "test_lua_int64_vs2017", "test_lua_int64_vs2017\test_lua_int64_vs2017.vcxproj", "{24E89211-8585-4D50-8371-C06E1EE79467}"
EndProject
Project("{FAE04EC0-301F-11D3-BF4B-00C04F79EFBC}") = "ConsoleApp1", "ConsoleApp1\ConsoleApp1.csproj", "{94BABF32-D155-47BE-8429-5504AEFF4550}"
EndProject
Global
	GlobalSection(SolutionConfigurationPlatforms) = preSolution
		Debug|Any CPU = Debug|Any CPU
		Debug|x64 = Debug|x64
		Debug|x86 = Debug|x86
		Release|Any CPU = Release|Any CPU
		Release|x64 = Release|x64
		Release|x86 = Release|x86
	EndGlobalSection
	GlobalSection(ProjectConfigurationPlatforms) = postSolution
		{24E89211-8585-4D50-8371-C06E1EE79467}.Debug|Any CPU.ActiveCfg = Debug|Win32
		{24E89211-8585-4D50-8371-C06E1EE79467}.Debug|x64.ActiveCfg = Debug|x64
		{24E89211-8585-4D50-8371-C06E1EE79467}.Debug|x64.Build.0 = Debug|x64
		{24E89211-8585-4D50-8371-C06E1EE79467}.Debug|x86.ActiveCfg = Debug|Win32
		{24E89211-8585-4D50-8371-C06E1EE79467}.Debug|x86.Build.0 = Debug|Win32
		{24E89211-8585-4D50-8371-C06E1EE79467}.Release|Any CPU.ActiveCfg = Release|Win32
		{24E89211-8585-4D50-8371-C06E1EE79467}.Release|x64.ActiveCfg = Release|x64
		{24E89211-8585-4D50-8371-C06E1EE79467}.Release|x64.Build.0 = Release|x64
		{24E89211-8585-4D50-8371-C06E1EE79467}.Release|x86.ActiveCfg = Release|Win32
		{24E89211-8585-4D50-8371-C06E1EE79467}.Release|x86.Build.0 = Release|Win32
		{94BABF32-D155-47BE-8429-5504AEFF4550}.Debug|Any CPU.ActiveCfg = Debug|Any CPU
		{94BABF32-D155-47BE-8429-5504AEFF4550}.Debug|Any CPU.Build.0 = Debug|Any CPU
		{94BABF32-D155-47BE-8429-5504AEFF4550}.Debug|x64.ActiveCfg = Debug|Any CPU
		{94BABF32-D155-47BE-8429-5504AEFF4550}.Debug|x64.Build.0 = Debug|Any CPU
		{94BABF32-D155-47BE-8429-5504AEFF4550}.Debug|x86.ActiveCfg = Debug|Any CPU
		{94BABF32-D155-47BE-8429-5504AEFF4550}.Debug|x86.Build.0 = Debug|Any CPU
		{94BABF32-D155-47BE-8429-5504AEFF4550}.Release|Any CPU.ActiveCfg = Release|Any CPU
		{94BABF32-D155-47BE-8429-5504AEFF4550}.Release|Any CPU.Build.0 = Release|Any CPU
		{94BABF32-D155-47BE-8429-5504AEFF4550}.Release|x64.ActiveCfg = Release|Any CPU
		{94BABF32-D155-47BE-8429-5504AEFF4550}.Release|x64.Build.0 = Release|Any CPU
		{94BABF32-D155-47BE-8429-5504AEFF4550}.Release|x86.ActiveCfg = Release|Any CPU
		{94BABF32-D155-47BE-8429-5504AEFF4550}.Release|x86.Build.0 = Release|Any CPU
	EndGlobalSection
	GlobalSection(SolutionProperties) = preSolution
		HideSolutionNode = FALSE
	EndGlobalSection
	GlobalSection(ExtensibilityGlobals) = postSolution
		SolutionGuid = {475B6B29-9D31-4127-BCD0-38B978239ECF}
	EndGlobalSection
EndGlobal
